
Microsoft Visual Studio Solution File, Format Version 12.00
# Visual Studio Version 17
VisualStudioVersion = 17.12.35527.113
MinimumVisualStudioVersion = 10.0.40219.1
Project("{FAE04EC0-301F-11D3-BF4B-00C04F79EFBC}") = "AccessDataLayer", "AccessDataLayer\AccessDataLayer.csproj", "{5CE9F52F-A3F4-4936-9D36-4A1BEBD0E4FE}"
EndProject
Project("{FAE04EC0-301F-11D3-BF4B-00C04F79EFBC}") = "BusinessLayer", "BusinessLayer\BusinessLayer.csproj", "{3964E06E-F1C0-403F-B63B-5ECB55CDFCBD}"
EndProject
Project("{FAE04EC0-301F-11D3-BF4B-00C04F79EFBC}") = "Presantation", "Presantation\Presantation.csproj", "{8CE7A98A-2B39-4DF6-B641-15F87EC94F09}"
EndProject
Global
	GlobalSection(SolutionConfigurationPlatforms) = preSolution
		Debug|Any CPU = Debug|Any CPU
		Release|Any CPU = Release|Any CPU
	EndGlobalSection
	GlobalSection(ProjectConfigurationPlatforms) = postSolution
		{5CE9F52F-A3F4-4936-9D36-4A1BEBD0E4FE}.Debug|Any CPU.ActiveCfg = Debug|Any CPU
		{5CE9F52F-A3F4-4936-9D36-4A1BEBD0E4FE}.Debug|Any CPU.Build.0 = Debug|Any CPU
		{5CE9F52F-A3F4-4936-9D36-4A1BEBD0E4FE}.Release|Any CPU.ActiveCfg = Release|Any CPU
		{5CE9F52F-A3F4-4936-9D36-4A1BEBD0E4FE}.Release|Any CPU.Build.0 = Release|Any CPU
		{3964E06E-F1C0-403F-B63B-5ECB55CDFCBD}.Debug|Any CPU.ActiveCfg = Debug|Any CPU
		{3964E06E-F1C0-403F-B63B-5ECB55CDFCBD}.Debug|Any CPU.Build.0 = Debug|Any CPU
		{3964E06E-F1C0-403F-B63B-5ECB55CDFCBD}.Release|Any CPU.ActiveCfg = Release|Any CPU
		{3964E06E-F1C0-403F-B63B-5ECB55CDFCBD}.Release|Any CPU.Build.0 = Release|Any CPU
		{8CE7A98A-2B39-4DF6-B641-15F87EC94F09}.Debug|Any CPU.ActiveCfg = Debug|Any CPU
		{8CE7A98A-2B39-4DF6-B641-15F87EC94F09}.Debug|Any CPU.Build.0 = Debug|Any CPU
		{8CE7A98A-2B39-4DF6-B641-15F87EC94F09}.Release|Any CPU.ActiveCfg = Release|Any CPU
		{8CE7A98A-2B39-4DF6-B641-15F87EC94F09}.Release|Any CPU.Build.0 = Release|Any CPU
	EndGlobalSection
	GlobalSection(SolutionProperties) = preSolution
		HideSolutionNode = FALSE
	EndGlobalSection
EndGlobal
