
Microsoft Visual Studio Solution File, Format Version 12.00
# Visual Studio Version 17
VisualStudioVersion = 17.12.35527.113
MinimumVisualStudioVersion = 10.0.40219.1
Project("{9A19103F-16F7-4668-BE54-9A1E7A4F7556}") = "AccessDataLayer", "AccessDataLayer\AccessDataLayer.csproj", "{5CE9F52F-A3F4-4936-9D36-4A1BEBD0E4FE}"
EndProject
Project("{9A19103F-16F7-4668-BE54-9A1E7A4F7556}") = "BusinessLayer", "BusinessLayer\BusinessLayer.csproj", "{3964E06E-F1C0-403F-B63B-5ECB55CDFCBD}"
EndProject
Project("{9A19103F-16F7-4668-BE54-9A1E7A4F7556}") = "Presantation", "Presantation\Presantation.csproj", "{64677E06-CEBA-49FD-A45C-B9A01C52C791}"

EndProject
Global
	GlobalSection(SolutionConfigurationPlatforms) = preSolution
		Debug|Any CPU = Debug|Any CPU
		Release|Any CPU = Release|Any CPU
	EndGlobalSection
	GlobalSection(ProjectConfigurationPlatforms) = postSolution
		{5CE9F52F-A3F4-4936-9D36-4A1BEBD0E4FE}.Debug|Any CPU.ActiveCfg = Debug|Any CPU
		{5CE9F52F-A3F4-4936-9D36-4A1BEBD0E4FE}.Debug|Any CPU.Build.0 = Debug|Any CPU
		{5CE9F52F-A3F4-4936-9D36-4A1BEBD0E4FE}.Release|Any CPU.ActiveCfg = Release|Any CPU
		{5CE9F52F-A3F4-4936-9D36-4A1BEBD0E4FE}.Release|Any CPU.Build.0 = Release|Any CPU
		{3964E06E-F1C0-403F-B63B-5ECB55CDFCBD}.Debug|Any CPU.ActiveCfg = Debug|Any CPU
		{3964E06E-F1C0-403F-B63B-5ECB55CDFCBD}.Debug|Any CPU.Build.0 = Debug|Any CPU
		{3964E06E-F1C0-403F-B63B-5ECB55CDFCBD}.Release|Any CPU.ActiveCfg = Release|Any CPU
		{3964E06E-F1C0-403F-B63B-5ECB55CDFCBD}.Release|Any CPU.Build.0 = Release|Any CPU
		{64677E06-CEBA-49FD-A45C-B9A01C52C791}.Debug|Any CPU.ActiveCfg = Debug|Any CPU
		{64677E06-CEBA-49FD-A45C-B9A01C52C791}.Debug|Any CPU.Build.0 = Debug|Any CPU
		{64677E06-CEBA-49FD-A45C-B9A01C52C791}.Release|Any CPU.ActiveCfg = Release|Any CPU
		{64677E06-CEBA-49FD-A45C-B9A01C52C791}.Release|Any CPU.Build.0 = Release|Any CPU
	EndGlobalSection
	GlobalSection(SolutionProperties) = preSolution
		HideSolutionNode = FALSE
	EndGlobalSection
	GlobalSection(ExtensibilityGlobals) = postSolution

		SolutionGuid = {F73E8FE4-C628-469A-BC85-75719C2E3B3E}

	EndGlobalSection
EndGlobal
